
Microsoft Visual Studio Solution File, Format Version 12.00
# Visual Studio Version 16
VisualStudioVersion = 16.0.29215.179
MinimumVisualStudioVersion = 10.0.40219.1
Project("{9A19103F-16F7-4668-BE54-9A1E7A4F7556}") = "Costos", "Costos\Costos.csproj", "{0D4F54E9-EF79-4D5F-ACC5-3FD66FE254C7}"
EndProject
Project("{9A19103F-16F7-4668-BE54-9A1E7A4F7556}") = "CotizaciónTerreno", "CotizaciónTerreno\CotizaciónTerreno.csproj", "{F035A997-7A16-4E96-9F08-19AD35706D65}"
EndProject
Project("{FAE04EC0-301F-11D3-BF4B-00C04F79EFBC}") = "EquivalenciasHoras", "EquivalenciasHoras\EquivalenciasHoras.csproj", "{2E560316-629C-41C6-B3A0-BC4356F474E0}"
EndProject
Project("{FAE04EC0-301F-11D3-BF4B-00C04F79EFBC}") = "VelocidadDeLaLuz", "VelocidadDeLaLuz\VelocidadDeLaLuz.csproj", "{4F2B238E-DE54-4826-B390-2101ED001B23}"
EndProject
Project("{FAE04EC0-301F-11D3-BF4B-00C04F79EFBC}") = "Cuadratica", "Cuadratica\Cuadratica.csproj", "{7C9B308E-3C41-4C4D-AFB5-C7F72B8B602A}"
EndProject
Project("{FAE04EC0-301F-11D3-BF4B-00C04F79EFBC}") = "GradosFahrenheit", "GradosFahrenheit\GradosFahrenheit.csproj", "{261DBDC2-4068-413C-A489-9E4E850EE023}"
EndProject
Project("{FAE04EC0-301F-11D3-BF4B-00C04F79EFBC}") = "EquivalenciasPies", "EquivalenciasPies\EquivalenciasPies.csproj", "{530E05E5-5976-40A7-9F14-528A1F68B0E4}"
EndProject
Project("{FAE04EC0-301F-11D3-BF4B-00C04F79EFBC}") = "Facturación", "Facturación\Facturación.csproj", "{CC89CBBC-F711-467C-9A8E-4EA4BED64ADB}"
EndProject
Project("{FAE04EC0-301F-11D3-BF4B-00C04F79EFBC}") = "ÁreaCirculo", "ÁreaCirculo\ÁreaCirculo.csproj", "{3B74D800-BB14-4B55-94DF-7A2034F9D33A}"
EndProject
Project("{FAE04EC0-301F-11D3-BF4B-00C04F79EFBC}") = "CotizaciónDólar", "CotizaciónDólar\CotizaciónDólar.csproj", "{B58E5D3B-39B5-49F1-A742-55B0C681CDDA}"
EndProject
Global
	GlobalSection(SolutionConfigurationPlatforms) = preSolution
		Debug|Any CPU = Debug|Any CPU
		Release|Any CPU = Release|Any CPU
	EndGlobalSection
	GlobalSection(ProjectConfigurationPlatforms) = postSolution
		{0D4F54E9-EF79-4D5F-ACC5-3FD66FE254C7}.Debug|Any CPU.ActiveCfg = Debug|Any CPU
		{0D4F54E9-EF79-4D5F-ACC5-3FD66FE254C7}.Debug|Any CPU.Build.0 = Debug|Any CPU
		{0D4F54E9-EF79-4D5F-ACC5-3FD66FE254C7}.Release|Any CPU.ActiveCfg = Release|Any CPU
		{0D4F54E9-EF79-4D5F-ACC5-3FD66FE254C7}.Release|Any CPU.Build.0 = Release|Any CPU
		{F035A997-7A16-4E96-9F08-19AD35706D65}.Debug|Any CPU.ActiveCfg = Debug|Any CPU
		{F035A997-7A16-4E96-9F08-19AD35706D65}.Debug|Any CPU.Build.0 = Debug|Any CPU
		{F035A997-7A16-4E96-9F08-19AD35706D65}.Release|Any CPU.ActiveCfg = Release|Any CPU
		{F035A997-7A16-4E96-9F08-19AD35706D65}.Release|Any CPU.Build.0 = Release|Any CPU
		{2E560316-629C-41C6-B3A0-BC4356F474E0}.Debug|Any CPU.ActiveCfg = Debug|Any CPU
		{2E560316-629C-41C6-B3A0-BC4356F474E0}.Debug|Any CPU.Build.0 = Debug|Any CPU
		{2E560316-629C-41C6-B3A0-BC4356F474E0}.Release|Any CPU.ActiveCfg = Release|Any CPU
		{2E560316-629C-41C6-B3A0-BC4356F474E0}.Release|Any CPU.Build.0 = Release|Any CPU
		{4F2B238E-DE54-4826-B390-2101ED001B23}.Debug|Any CPU.ActiveCfg = Debug|Any CPU
		{4F2B238E-DE54-4826-B390-2101ED001B23}.Debug|Any CPU.Build.0 = Debug|Any CPU
		{4F2B238E-DE54-4826-B390-2101ED001B23}.Release|Any CPU.ActiveCfg = Release|Any CPU
		{4F2B238E-DE54-4826-B390-2101ED001B23}.Release|Any CPU.Build.0 = Release|Any CPU
		{7C9B308E-3C41-4C4D-AFB5-C7F72B8B602A}.Debug|Any CPU.ActiveCfg = Debug|Any CPU
		{7C9B308E-3C41-4C4D-AFB5-C7F72B8B602A}.Debug|Any CPU.Build.0 = Debug|Any CPU
		{7C9B308E-3C41-4C4D-AFB5-C7F72B8B602A}.Release|Any CPU.ActiveCfg = Release|Any CPU
		{7C9B308E-3C41-4C4D-AFB5-C7F72B8B602A}.Release|Any CPU.Build.0 = Release|Any CPU
		{261DBDC2-4068-413C-A489-9E4E850EE023}.Debug|Any CPU.ActiveCfg = Debug|Any CPU
		{261DBDC2-4068-413C-A489-9E4E850EE023}.Debug|Any CPU.Build.0 = Debug|Any CPU
		{261DBDC2-4068-413C-A489-9E4E850EE023}.Release|Any CPU.ActiveCfg = Release|Any CPU
		{261DBDC2-4068-413C-A489-9E4E850EE023}.Release|Any CPU.Build.0 = Release|Any CPU
		{530E05E5-5976-40A7-9F14-528A1F68B0E4}.Debug|Any CPU.ActiveCfg = Debug|Any CPU
		{530E05E5-5976-40A7-9F14-528A1F68B0E4}.Debug|Any CPU.Build.0 = Debug|Any CPU
		{530E05E5-5976-40A7-9F14-528A1F68B0E4}.Release|Any CPU.ActiveCfg = Release|Any CPU
		{530E05E5-5976-40A7-9F14-528A1F68B0E4}.Release|Any CPU.Build.0 = Release|Any CPU
		{CC89CBBC-F711-467C-9A8E-4EA4BED64ADB}.Debug|Any CPU.ActiveCfg = Debug|Any CPU
		{CC89CBBC-F711-467C-9A8E-4EA4BED64ADB}.Debug|Any CPU.Build.0 = Debug|Any CPU
		{CC89CBBC-F711-467C-9A8E-4EA4BED64ADB}.Release|Any CPU.ActiveCfg = Release|Any CPU
		{CC89CBBC-F711-467C-9A8E-4EA4BED64ADB}.Release|Any CPU.Build.0 = Release|Any CPU
		{3B74D800-BB14-4B55-94DF-7A2034F9D33A}.Debug|Any CPU.ActiveCfg = Debug|Any CPU
		{3B74D800-BB14-4B55-94DF-7A2034F9D33A}.Debug|Any CPU.Build.0 = Debug|Any CPU
		{3B74D800-BB14-4B55-94DF-7A2034F9D33A}.Release|Any CPU.ActiveCfg = Release|Any CPU
		{3B74D800-BB14-4B55-94DF-7A2034F9D33A}.Release|Any CPU.Build.0 = Release|Any CPU
		{B58E5D3B-39B5-49F1-A742-55B0C681CDDA}.Debug|Any CPU.ActiveCfg = Debug|Any CPU
		{B58E5D3B-39B5-49F1-A742-55B0C681CDDA}.Debug|Any CPU.Build.0 = Debug|Any CPU
		{B58E5D3B-39B5-49F1-A742-55B0C681CDDA}.Release|Any CPU.ActiveCfg = Release|Any CPU
		{B58E5D3B-39B5-49F1-A742-55B0C681CDDA}.Release|Any CPU.Build.0 = Release|Any CPU
	EndGlobalSection
	GlobalSection(SolutionProperties) = preSolution
		HideSolutionNode = FALSE
	EndGlobalSection
	GlobalSection(ExtensibilityGlobals) = postSolution
		SolutionGuid = {41DA3797-708F-4120-9CD7-FE1C3211CBB9}
	EndGlobalSection
EndGlobal
