
Microsoft Visual Studio Solution File, Format Version 12.00
# Visual Studio Version 16
VisualStudioVersion = 16.0.28803.202
MinimumVisualStudioVersion = 10.0.40219.1
Project("{F184B08F-C81C-45F6-A57F-5ABD9991F28F}") = "TablasBooleanas", "TablasBooleanas\TablasBooleanas.vbproj", "{E8DD62B8-A354-485D-873D-D87D93132883}"
EndProject
Global
	GlobalSection(SolutionConfigurationPlatforms) = preSolution
		Debug|Any CPU = Debug|Any CPU
		Release|Any CPU = Release|Any CPU
	EndGlobalSection
	GlobalSection(ProjectConfigurationPlatforms) = postSolution
		{E8DD62B8-A354-485D-873D-D87D93132883}.Debug|Any CPU.ActiveCfg = Debug|Any CPU
		{E8DD62B8-A354-485D-873D-D87D93132883}.Debug|Any CPU.Build.0 = Debug|Any CPU
		{E8DD62B8-A354-485D-873D-D87D93132883}.Release|Any CPU.ActiveCfg = Release|Any CPU
		{E8DD62B8-A354-485D-873D-D87D93132883}.Release|Any CPU.Build.0 = Release|Any CPU
	EndGlobalSection
	GlobalSection(SolutionProperties) = preSolution
		HideSolutionNode = FALSE
	EndGlobalSection
	GlobalSection(ExtensibilityGlobals) = postSolution
		SolutionGuid = {681E7FE0-2C34-498F-AC6A-BF866D290BEA}
	EndGlobalSection
EndGlobal
